
Microsoft Visual Studio Solution File, Format Version 12.00
# Visual Studio Version 17
VisualStudioVersion = 17.9.34723.18
MinimumVisualStudioVersion = 10.0.40219.1
Project("{9A19103F-16F7-4668-BE54-9A1E7A4F7556}") = "PharmacyLTM", "PharmacyLTM\PharmacyLTM.csproj", "{F5FF0570-2C42-410A-BE64-DD97069CC197}"
EndProject
Project("{9A19103F-16F7-4668-BE54-9A1E7A4F7556}") = "PharmacyLTM.Data", "PharmacyLTM.Data\PharmacyLTM.Data.csproj", "{850A4958-F7BA-4BC7-8889-20AC52B40685}"
EndProject
Project("{9A19103F-16F7-4668-BE54-9A1E7A4F7556}") = "PharmacyLTM.Application", "PharmacyLTM.Application\PharmacyLTM.Application.csproj", "{0902DC0F-C4C2-46BF-B9A6-4CF1018581DF}"
EndProject
Project("{9A19103F-16F7-4668-BE54-9A1E7A4F7556}") = "PharmacyLTM.Utilities", "PharmacyLTM.Utilities\PharmacyLTM.Utilities.csproj", "{2C548F84-1BB9-4C3C-A835-E02B9B61E1D7}"
EndProject
Project("{9A19103F-16F7-4668-BE54-9A1E7A4F7556}") = "PharmacyLTM.ViewModels", "PharmacyLTM.ViewModels\PharmacyLTM.ViewModels.csproj", "{EBFE65D5-F4CA-42C5-9F8C-2562C5BC34D8}"
EndProject
Project("{9A19103F-16F7-4668-BE54-9A1E7A4F7556}") = "PharmacyLTM.BackendAPI", "PharmacyLTM.BackendAPI\PharmacyLTM.BackendAPI.csproj", "{8A64BEC1-041D-47DC-9BB7-C1067B417EBF}"
EndProject
Project("{2150E333-8FDC-42A3-9474-1A3956D46DE8}") = "1. Infrastructure", "1. Infrastructure", "{4D20C2AA-7F37-4F67-93DB-0F63C62C0C86}"
EndProject
Project("{2150E333-8FDC-42A3-9474-1A3956D46DE8}") = "2. Domain", "2. Domain", "{0F98FD67-2B7F-4838-A4C5-05BEF5BC6EA4}"
EndProject
Project("{2150E333-8FDC-42A3-9474-1A3956D46DE8}") = "3. Hosts", "3. Hosts", "{59BDDA1E-9093-4D12-B88B-85161F220243}"
EndProject
Project("{FAE04EC0-301F-11D3-BF4B-00C04F79EFBC}") = "PharmacyLTM.AdminApp", "PharmacyLTM.AdminApp\PharmacyLTM.AdminApp.csproj", "{A17B0E5D-2303-4262-847A-5F731D2BC628}"
EndProject
Global
	GlobalSection(SolutionConfigurationPlatforms) = preSolution
		Debug|Any CPU = Debug|Any CPU
		Release|Any CPU = Release|Any CPU
	EndGlobalSection
	GlobalSection(ProjectConfigurationPlatforms) = postSolution
		{F5FF0570-2C42-410A-BE64-DD97069CC197}.Debug|Any CPU.ActiveCfg = Debug|Any CPU
		{F5FF0570-2C42-410A-BE64-DD97069CC197}.Debug|Any CPU.Build.0 = Debug|Any CPU
		{F5FF0570-2C42-410A-BE64-DD97069CC197}.Release|Any CPU.ActiveCfg = Release|Any CPU
		{F5FF0570-2C42-410A-BE64-DD97069CC197}.Release|Any CPU.Build.0 = Release|Any CPU
		{850A4958-F7BA-4BC7-8889-20AC52B40685}.Debug|Any CPU.ActiveCfg = Debug|Any CPU
		{850A4958-F7BA-4BC7-8889-20AC52B40685}.Debug|Any CPU.Build.0 = Debug|Any CPU
		{850A4958-F7BA-4BC7-8889-20AC52B40685}.Release|Any CPU.ActiveCfg = Release|Any CPU
		{850A4958-F7BA-4BC7-8889-20AC52B40685}.Release|Any CPU.Build.0 = Release|Any CPU
		{0902DC0F-C4C2-46BF-B9A6-4CF1018581DF}.Debug|Any CPU.ActiveCfg = Debug|Any CPU
		{0902DC0F-C4C2-46BF-B9A6-4CF1018581DF}.Debug|Any CPU.Build.0 = Debug|Any CPU
		{0902DC0F-C4C2-46BF-B9A6-4CF1018581DF}.Release|Any CPU.ActiveCfg = Release|Any CPU
		{0902DC0F-C4C2-46BF-B9A6-4CF1018581DF}.Release|Any CPU.Build.0 = Release|Any CPU
		{2C548F84-1BB9-4C3C-A835-E02B9B61E1D7}.Debug|Any CPU.ActiveCfg = Debug|Any CPU
		{2C548F84-1BB9-4C3C-A835-E02B9B61E1D7}.Debug|Any CPU.Build.0 = Debug|Any CPU
		{2C548F84-1BB9-4C3C-A835-E02B9B61E1D7}.Release|Any CPU.ActiveCfg = Release|Any CPU
		{2C548F84-1BB9-4C3C-A835-E02B9B61E1D7}.Release|Any CPU.Build.0 = Release|Any CPU
		{EBFE65D5-F4CA-42C5-9F8C-2562C5BC34D8}.Debug|Any CPU.ActiveCfg = Debug|Any CPU
		{EBFE65D5-F4CA-42C5-9F8C-2562C5BC34D8}.Debug|Any CPU.Build.0 = Debug|Any CPU
		{EBFE65D5-F4CA-42C5-9F8C-2562C5BC34D8}.Release|Any CPU.ActiveCfg = Release|Any CPU
		{EBFE65D5-F4CA-42C5-9F8C-2562C5BC34D8}.Release|Any CPU.Build.0 = Release|Any CPU
		{8A64BEC1-041D-47DC-9BB7-C1067B417EBF}.Debug|Any CPU.ActiveCfg = Debug|Any CPU
		{8A64BEC1-041D-47DC-9BB7-C1067B417EBF}.Debug|Any CPU.Build.0 = Debug|Any CPU
		{8A64BEC1-041D-47DC-9BB7-C1067B417EBF}.Release|Any CPU.ActiveCfg = Release|Any CPU
		{8A64BEC1-041D-47DC-9BB7-C1067B417EBF}.Release|Any CPU.Build.0 = Release|Any CPU
		{A17B0E5D-2303-4262-847A-5F731D2BC628}.Debug|Any CPU.ActiveCfg = Debug|Any CPU
		{A17B0E5D-2303-4262-847A-5F731D2BC628}.Debug|Any CPU.Build.0 = Debug|Any CPU
		{A17B0E5D-2303-4262-847A-5F731D2BC628}.Release|Any CPU.ActiveCfg = Release|Any CPU
		{A17B0E5D-2303-4262-847A-5F731D2BC628}.Release|Any CPU.Build.0 = Release|Any CPU
	EndGlobalSection
	GlobalSection(SolutionProperties) = preSolution
		HideSolutionNode = FALSE
	EndGlobalSection
	GlobalSection(NestedProjects) = preSolution
		{F5FF0570-2C42-410A-BE64-DD97069CC197} = {59BDDA1E-9093-4D12-B88B-85161F220243}
		{850A4958-F7BA-4BC7-8889-20AC52B40685} = {0F98FD67-2B7F-4838-A4C5-05BEF5BC6EA4}
		{0902DC0F-C4C2-46BF-B9A6-4CF1018581DF} = {0F98FD67-2B7F-4838-A4C5-05BEF5BC6EA4}
		{2C548F84-1BB9-4C3C-A835-E02B9B61E1D7} = {4D20C2AA-7F37-4F67-93DB-0F63C62C0C86}
		{EBFE65D5-F4CA-42C5-9F8C-2562C5BC34D8} = {4D20C2AA-7F37-4F67-93DB-0F63C62C0C86}
		{8A64BEC1-041D-47DC-9BB7-C1067B417EBF} = {59BDDA1E-9093-4D12-B88B-85161F220243}
		{A17B0E5D-2303-4262-847A-5F731D2BC628} = {59BDDA1E-9093-4D12-B88B-85161F220243}
	EndGlobalSection
	GlobalSection(ExtensibilityGlobals) = postSolution
		SolutionGuid = {8DEC6D77-30E4-4D5B-90FE-E591830DBD6A}
	EndGlobalSection
EndGlobal
